
Microsoft Visual Studio Solution File, Format Version 12.00
# Visual Studio Version 16
VisualStudioVersion = 16.0.28803.352
MinimumVisualStudioVersion = 10.0.40219.1
Project("{FAE04EC0-301F-11D3-BF4B-00C04F79EFBC}") = "BridgePattern", "BridgePattern\BridgePattern.csproj", "{BD6DC655-5D2E-4C35-8FF3-26EA520A126C}"
EndProject
Global
	GlobalSection(SolutionConfigurationPlatforms) = preSolution
		Debug|Any CPU = Debug|Any CPU
		Release|Any CPU = Release|Any CPU
	EndGlobalSection
	GlobalSection(ProjectConfigurationPlatforms) = postSolution
		{BD6DC655-5D2E-4C35-8FF3-26EA520A126C}.Debug|Any CPU.ActiveCfg = Debug|Any CPU
		{BD6DC655-5D2E-4C35-8FF3-26EA520A126C}.Debug|Any CPU.Build.0 = Debug|Any CPU
		{BD6DC655-5D2E-4C35-8FF3-26EA520A126C}.Release|Any CPU.ActiveCfg = Release|Any CPU
		{BD6DC655-5D2E-4C35-8FF3-26EA520A126C}.Release|Any CPU.Build.0 = Release|Any CPU
	EndGlobalSection
	GlobalSection(SolutionProperties) = preSolution
		HideSolutionNode = FALSE
	EndGlobalSection
	GlobalSection(ExtensibilityGlobals) = postSolution
		SolutionGuid = {84EE3393-FB44-45B7-92FD-D49D8A03618F}
	EndGlobalSection
EndGlobal
